
Microsoft Visual Studio Solution File, Format Version 12.00
# Visual Studio Version 16
VisualStudioVersion = 16.0.31205.134
MinimumVisualStudioVersion = 10.0.40219.1
Project("{9A19103F-16F7-4668-BE54-9A1E7A4F7556}") = "CADP_PKCS11_Samples", "CADP_PKCS11_Samples.csproj", "{BDA79CD2-9214-4274-8757-5D2A74F7FA10}"
EndProject
Global
	GlobalSection(SolutionConfigurationPlatforms) = preSolution
		Debug|Any CPU = Debug|Any CPU
		Release|Any CPU = Release|Any CPU
	EndGlobalSection
	GlobalSection(ProjectConfigurationPlatforms) = postSolution
		{BDA79CD2-9214-4274-8757-5D2A74F7FA10}.Debug|Any CPU.ActiveCfg = Debug|Any CPU
		{BDA79CD2-9214-4274-8757-5D2A74F7FA10}.Debug|Any CPU.Build.0 = Debug|Any CPU
		{BDA79CD2-9214-4274-8757-5D2A74F7FA10}.Release|Any CPU.ActiveCfg = Release|Any CPU
		{BDA79CD2-9214-4274-8757-5D2A74F7FA10}.Release|Any CPU.Build.0 = Release|Any CPU
	EndGlobalSection
	GlobalSection(SolutionProperties) = preSolution
		HideSolutionNode = FALSE
	EndGlobalSection
	GlobalSection(ExtensibilityGlobals) = postSolution
		SolutionGuid = {92E685DD-145D-45A9-9E78-E235A1D1E2A0}
	EndGlobalSection
EndGlobal
