
Microsoft Visual Studio Solution File, Format Version 12.00
# Visual Studio Version 16
VisualStudioVersion = 16.0.31702.278
MinimumVisualStudioVersion = 10.0.40219.1
Project("{8BC9CEB8-8B4A-11D0-8D11-00A0C91BC942}") = "pkcs11_sample_create_object", "pkcs11_sample_create_object.vcxproj", "{2CD2D5CB-6840-4F66-B36E-81FF51BC7180}"
EndProject
Project("{8BC9CEB8-8B4A-11D0-8D11-00A0C91BC942}") = "pkcs11_sample_key_states", "pkcs11_sample_key_states.vcxproj", "{9F670019-29DD-4C1B-A620-12FF9B7484CF}"
EndProject
Project("{8BC9CEB8-8B4A-11D0-8D11-00A0C91BC942}") = "pkcs11_sample_create_key", "pkcs11_sample_create_key.vcxproj", "{EADACE8F-38AB-4962-A3ED-AF4F0C280E87}"
EndProject
Project("{8BC9CEB8-8B4A-11D0-8D11-00A0C91BC942}") = "pkcs11_sample_digest", "pkcs11_sample_digest.vcxproj", "{2FDE4A70-45C3-4797-BD84-AC0EB79C7D9A}"
EndProject
Project("{8BC9CEB8-8B4A-11D0-8D11-00A0C91BC942}") = "pkcs11_sample_encrypt_decrypt", "pkcs11_sample_encrypt_decrypt.vcxproj", "{1F4A2E6B-F698-4184-AED7-E7E1C18C6C54}"
EndProject
Project("{8BC9CEB8-8B4A-11D0-8D11-00A0C91BC942}") = "pkcs11_sample_en_decrypt_multipart", "pkcs11_sample_en_decrypt_multipart.vcxproj", "{27C57E61-08F8-405E-9564-9A4ACE25CF5A}"
EndProject
Project("{8BC9CEB8-8B4A-11D0-8D11-00A0C91BC942}") = "pkcs11_sample_attributes", "pkcs11_sample_attributes.vcxproj", "{0BB97444-626A-4CA3-92FB-3DEE4AF72E5A}"
EndProject
Project("{8BC9CEB8-8B4A-11D0-8D11-00A0C91BC942}") = "pkcs11_sample_cli", "pkcs11_sample_cli.vcxproj", "{E5E308C6-7594-421A-9145-384094188F8E}"
EndProject
Project("{8BC9CEB8-8B4A-11D0-8D11-00A0C91BC942}") = "pkcs11_sample_find_delete_key", "pkcs11_sample_find_delete_key.vcxproj", "{60D18152-99B7-41D9-A7A5-B5F071656D46}"
EndProject
Project("{8BC9CEB8-8B4A-11D0-8D11-00A0C91BC942}") = "pkcs11_sample_find_export_key", "pkcs11_sample_find_export_key.vcxproj", "{CE9F0D72-F267-435B-B9CD-FA6B2FCC0666}"
EndProject
Project("{8BC9CEB8-8B4A-11D0-8D11-00A0C91BC942}") = "pkcs11_sample_keypair_create_sign", "pkcs11_sample_keypair_create_sign.vcxproj", "{270FC1E3-D40B-4D1A-818C-20A18E007D85}"
EndProject
Project("{8BC9CEB8-8B4A-11D0-8D11-00A0C91BC942}") = "pkcs11_sample_import_key", "pkcs11_sample_import_key.vcxproj", "{21F14048-886B-4CC1-B1B9-1BD9F5D8A418}"
EndProject
Project("{8BC9CEB8-8B4A-11D0-8D11-00A0C91BC942}") = "pkcs11_sample_gen_random", "pkcs11_sample_gen_random.vcxproj", "{2E10726B-FD60-41B9-91B4-4D8F096742B3}"
EndProject
Project("{8BC9CEB8-8B4A-11D0-8D11-00A0C91BC942}") = "pkcs11_sample_getinfo", "pkcs11_sample_getinfo.vcxproj", "{54734507-3C24-4875-8D36-BCE27AFF20AD}"
EndProject
Project("{8BC9CEB8-8B4A-11D0-8D11-00A0C91BC942}") = "pkcs11_sample_sign_verify", "pkcs11_sample_sign_verify.vcxproj", "{598037D3-6036-4508-B4E8-8920269B62A6}"
EndProject
Project("{8BC9CEB8-8B4A-11D0-8D11-00A0C91BC942}") = "pkcs11_sample_version_find", "pkcs11_sample_version_find.vcxproj", "{9A775859-4065-422F-A2D7-B6AABE44199E}"
EndProject
Global
	GlobalSection(SolutionConfigurationPlatforms) = preSolution
		Debug|Win32 = Debug|Win32
		Debug|x64 = Debug|x64
		Release|Win32 = Release|Win32
		Release|x64 = Release|x64
	EndGlobalSection
	GlobalSection(ProjectConfigurationPlatforms) = postSolution
		{2CD2D5CB-6840-4F66-B36E-81FF51BC7180}.Debug|Win32.ActiveCfg = Debug|Win32
		{2CD2D5CB-6840-4F66-B36E-81FF51BC7180}.Debug|Win32.Build.0 = Debug|Win32
		{2CD2D5CB-6840-4F66-B36E-81FF51BC7180}.Debug|x64.ActiveCfg = Debug|x64
		{2CD2D5CB-6840-4F66-B36E-81FF51BC7180}.Debug|x64.Build.0 = Debug|x64
		{2CD2D5CB-6840-4F66-B36E-81FF51BC7180}.Release|Win32.ActiveCfg = Release|Win32
		{2CD2D5CB-6840-4F66-B36E-81FF51BC7180}.Release|Win32.Build.0 = Release|Win32
		{2CD2D5CB-6840-4F66-B36E-81FF51BC7180}.Release|x64.ActiveCfg = Release|x64
		{2CD2D5CB-6840-4F66-B36E-81FF51BC7180}.Release|x64.Build.0 = Release|x64
		{9F670019-29DD-4C1B-A620-12FF9B7484CF}.Debug|Win32.ActiveCfg = Debug|Win32
		{9F670019-29DD-4C1B-A620-12FF9B7484CF}.Debug|Win32.Build.0 = Debug|Win32
		{9F670019-29DD-4C1B-A620-12FF9B7484CF}.Debug|x64.ActiveCfg = Debug|x64
		{9F670019-29DD-4C1B-A620-12FF9B7484CF}.Debug|x64.Build.0 = Debug|x64
		{9F670019-29DD-4C1B-A620-12FF9B7484CF}.Release|Win32.ActiveCfg = Release|Win32
		{9F670019-29DD-4C1B-A620-12FF9B7484CF}.Release|Win32.Build.0 = Release|Win32
		{9F670019-29DD-4C1B-A620-12FF9B7484CF}.Release|x64.ActiveCfg = Release|x64
		{9F670019-29DD-4C1B-A620-12FF9B7484CF}.Release|x64.Build.0 = Release|x64
		{EADACE8F-38AB-4962-A3ED-AF4F0C280E87}.Debug|Win32.ActiveCfg = Debug|Win32
		{EADACE8F-38AB-4962-A3ED-AF4F0C280E87}.Debug|Win32.Build.0 = Debug|Win32
		{EADACE8F-38AB-4962-A3ED-AF4F0C280E87}.Debug|x64.ActiveCfg = Debug|x64
		{EADACE8F-38AB-4962-A3ED-AF4F0C280E87}.Debug|x64.Build.0 = Debug|x64
		{EADACE8F-38AB-4962-A3ED-AF4F0C280E87}.Release|Win32.ActiveCfg = Release|Win32
		{EADACE8F-38AB-4962-A3ED-AF4F0C280E87}.Release|Win32.Build.0 = Release|Win32
		{EADACE8F-38AB-4962-A3ED-AF4F0C280E87}.Release|x64.ActiveCfg = Release|x64
		{EADACE8F-38AB-4962-A3ED-AF4F0C280E87}.Release|x64.Build.0 = Release|x64
		{2FDE4A70-45C3-4797-BD84-AC0EB79C7D9A}.Debug|Win32.ActiveCfg = Debug|Win32
		{2FDE4A70-45C3-4797-BD84-AC0EB79C7D9A}.Debug|Win32.Build.0 = Debug|Win32
		{2FDE4A70-45C3-4797-BD84-AC0EB79C7D9A}.Debug|x64.ActiveCfg = Debug|x64
		{2FDE4A70-45C3-4797-BD84-AC0EB79C7D9A}.Debug|x64.Build.0 = Debug|x64
		{2FDE4A70-45C3-4797-BD84-AC0EB79C7D9A}.Release|Win32.ActiveCfg = Release|Win32
		{2FDE4A70-45C3-4797-BD84-AC0EB79C7D9A}.Release|Win32.Build.0 = Release|Win32
		{2FDE4A70-45C3-4797-BD84-AC0EB79C7D9A}.Release|x64.ActiveCfg = Release|x64
		{2FDE4A70-45C3-4797-BD84-AC0EB79C7D9A}.Release|x64.Build.0 = Release|x64
		{1F4A2E6B-F698-4184-AED7-E7E1C18C6C54}.Debug|Win32.ActiveCfg = Debug|Win32
		{1F4A2E6B-F698-4184-AED7-E7E1C18C6C54}.Debug|Win32.Build.0 = Debug|Win32
		{1F4A2E6B-F698-4184-AED7-E7E1C18C6C54}.Debug|x64.ActiveCfg = Debug|x64
		{1F4A2E6B-F698-4184-AED7-E7E1C18C6C54}.Debug|x64.Build.0 = Debug|x64
		{1F4A2E6B-F698-4184-AED7-E7E1C18C6C54}.Release|Win32.ActiveCfg = Release|Win32
		{1F4A2E6B-F698-4184-AED7-E7E1C18C6C54}.Release|Win32.Build.0 = Release|Win32
		{1F4A2E6B-F698-4184-AED7-E7E1C18C6C54}.Release|x64.ActiveCfg = Release|x64
		{1F4A2E6B-F698-4184-AED7-E7E1C18C6C54}.Release|x64.Build.0 = Release|x64
		{27C57E61-08F8-405E-9564-9A4ACE25CF5A}.Debug|Win32.ActiveCfg = Debug|Win32
		{27C57E61-08F8-405E-9564-9A4ACE25CF5A}.Debug|Win32.Build.0 = Debug|Win32
		{27C57E61-08F8-405E-9564-9A4ACE25CF5A}.Debug|x64.ActiveCfg = Debug|x64
		{27C57E61-08F8-405E-9564-9A4ACE25CF5A}.Debug|x64.Build.0 = Debug|x64
		{27C57E61-08F8-405E-9564-9A4ACE25CF5A}.Release|Win32.ActiveCfg = Release|Win32
		{27C57E61-08F8-405E-9564-9A4ACE25CF5A}.Release|Win32.Build.0 = Release|Win32
		{27C57E61-08F8-405E-9564-9A4ACE25CF5A}.Release|x64.ActiveCfg = Release|x64
		{27C57E61-08F8-405E-9564-9A4ACE25CF5A}.Release|x64.Build.0 = Release|x64
		{0BB97444-626A-4CA3-92FB-3DEE4AF72E5A}.Debug|Win32.ActiveCfg = Debug|Win32
		{0BB97444-626A-4CA3-92FB-3DEE4AF72E5A}.Debug|Win32.Build.0 = Debug|Win32
		{0BB97444-626A-4CA3-92FB-3DEE4AF72E5A}.Debug|x64.ActiveCfg = Debug|x64
		{0BB97444-626A-4CA3-92FB-3DEE4AF72E5A}.Debug|x64.Build.0 = Debug|x64
		{0BB97444-626A-4CA3-92FB-3DEE4AF72E5A}.Release|Win32.ActiveCfg = Release|Win32
		{0BB97444-626A-4CA3-92FB-3DEE4AF72E5A}.Release|Win32.Build.0 = Release|Win32
		{0BB97444-626A-4CA3-92FB-3DEE4AF72E5A}.Release|x64.ActiveCfg = Release|x64
		{0BB97444-626A-4CA3-92FB-3DEE4AF72E5A}.Release|x64.Build.0 = Release|x64
		{E5E308C6-7594-421A-9145-384094188F8E}.Debug|Win32.ActiveCfg = Debug|Win32
		{E5E308C6-7594-421A-9145-384094188F8E}.Debug|Win32.Build.0 = Debug|Win32
		{E5E308C6-7594-421A-9145-384094188F8E}.Debug|x64.ActiveCfg = Debug|x64
		{E5E308C6-7594-421A-9145-384094188F8E}.Debug|x64.Build.0 = Debug|x64
		{E5E308C6-7594-421A-9145-384094188F8E}.Release|Win32.ActiveCfg = Release|Win32
		{E5E308C6-7594-421A-9145-384094188F8E}.Release|Win32.Build.0 = Release|Win32
		{E5E308C6-7594-421A-9145-384094188F8E}.Release|x64.ActiveCfg = Release|x64
		{E5E308C6-7594-421A-9145-384094188F8E}.Release|x64.Build.0 = Release|x64
		{60D18152-99B7-41D9-A7A5-B5F071656D46}.Debug|Win32.ActiveCfg = Debug|Win32
		{60D18152-99B7-41D9-A7A5-B5F071656D46}.Debug|Win32.Build.0 = Debug|Win32
		{60D18152-99B7-41D9-A7A5-B5F071656D46}.Debug|x64.ActiveCfg = Debug|x64
		{60D18152-99B7-41D9-A7A5-B5F071656D46}.Debug|x64.Build.0 = Debug|x64
		{60D18152-99B7-41D9-A7A5-B5F071656D46}.Release|Win32.ActiveCfg = Release|Win32
		{60D18152-99B7-41D9-A7A5-B5F071656D46}.Release|Win32.Build.0 = Release|Win32
		{60D18152-99B7-41D9-A7A5-B5F071656D46}.Release|x64.ActiveCfg = Release|x64
		{60D18152-99B7-41D9-A7A5-B5F071656D46}.Release|x64.Build.0 = Release|x64
		{CE9F0D72-F267-435B-B9CD-FA6B2FCC0666}.Debug|Win32.ActiveCfg = Debug|Win32
		{CE9F0D72-F267-435B-B9CD-FA6B2FCC0666}.Debug|Win32.Build.0 = Debug|Win32
		{CE9F0D72-F267-435B-B9CD-FA6B2FCC0666}.Debug|x64.ActiveCfg = Debug|x64
		{CE9F0D72-F267-435B-B9CD-FA6B2FCC0666}.Debug|x64.Build.0 = Debug|x64
		{CE9F0D72-F267-435B-B9CD-FA6B2FCC0666}.Release|Win32.ActiveCfg = Release|Win32
		{CE9F0D72-F267-435B-B9CD-FA6B2FCC0666}.Release|Win32.Build.0 = Release|Win32
		{CE9F0D72-F267-435B-B9CD-FA6B2FCC0666}.Release|x64.ActiveCfg = Release|x64
		{CE9F0D72-F267-435B-B9CD-FA6B2FCC0666}.Release|x64.Build.0 = Release|x64
		{270FC1E3-D40B-4D1A-818C-20A18E007D85}.Debug|Win32.ActiveCfg = Debug|Win32
		{270FC1E3-D40B-4D1A-818C-20A18E007D85}.Debug|Win32.Build.0 = Debug|Win32
		{270FC1E3-D40B-4D1A-818C-20A18E007D85}.Debug|x64.ActiveCfg = Debug|x64
		{270FC1E3-D40B-4D1A-818C-20A18E007D85}.Debug|x64.Build.0 = Debug|x64
		{270FC1E3-D40B-4D1A-818C-20A18E007D85}.Release|Win32.ActiveCfg = Release|Win32
		{270FC1E3-D40B-4D1A-818C-20A18E007D85}.Release|Win32.Build.0 = Release|Win32
		{270FC1E3-D40B-4D1A-818C-20A18E007D85}.Release|x64.ActiveCfg = Release|x64
		{270FC1E3-D40B-4D1A-818C-20A18E007D85}.Release|x64.Build.0 = Release|x64
		{21F14048-886B-4CC1-B1B9-1BD9F5D8A418}.Debug|Win32.ActiveCfg = Debug|Win32
		{21F14048-886B-4CC1-B1B9-1BD9F5D8A418}.Debug|Win32.Build.0 = Debug|Win32
		{21F14048-886B-4CC1-B1B9-1BD9F5D8A418}.Debug|x64.ActiveCfg = Debug|x64
		{21F14048-886B-4CC1-B1B9-1BD9F5D8A418}.Debug|x64.Build.0 = Debug|x64
		{21F14048-886B-4CC1-B1B9-1BD9F5D8A418}.Release|Win32.ActiveCfg = Release|Win32
		{21F14048-886B-4CC1-B1B9-1BD9F5D8A418}.Release|Win32.Build.0 = Release|Win32
		{21F14048-886B-4CC1-B1B9-1BD9F5D8A418}.Release|x64.ActiveCfg = Release|x64
		{21F14048-886B-4CC1-B1B9-1BD9F5D8A418}.Release|x64.Build.0 = Release|x64
		{2E10726B-FD60-41B9-91B4-4D8F096742B3}.Debug|Win32.ActiveCfg = Debug|Win32
		{2E10726B-FD60-41B9-91B4-4D8F096742B3}.Debug|Win32.Build.0 = Debug|Win32
		{2E10726B-FD60-41B9-91B4-4D8F096742B3}.Debug|x64.ActiveCfg = Debug|x64
		{2E10726B-FD60-41B9-91B4-4D8F096742B3}.Debug|x64.Build.0 = Debug|x64
		{2E10726B-FD60-41B9-91B4-4D8F096742B3}.Release|Win32.ActiveCfg = Release|Win32
		{2E10726B-FD60-41B9-91B4-4D8F096742B3}.Release|Win32.Build.0 = Release|Win32
		{2E10726B-FD60-41B9-91B4-4D8F096742B3}.Release|x64.ActiveCfg = Release|x64
		{2E10726B-FD60-41B9-91B4-4D8F096742B3}.Release|x64.Build.0 = Release|x64
		{54734507-3C24-4875-8D36-BCE27AFF20AD}.Debug|Win32.ActiveCfg = Debug|Win32
		{54734507-3C24-4875-8D36-BCE27AFF20AD}.Debug|Win32.Build.0 = Debug|Win32
		{54734507-3C24-4875-8D36-BCE27AFF20AD}.Debug|x64.ActiveCfg = Debug|x64
		{54734507-3C24-4875-8D36-BCE27AFF20AD}.Debug|x64.Build.0 = Debug|x64
		{54734507-3C24-4875-8D36-BCE27AFF20AD}.Release|Win32.ActiveCfg = Release|Win32
		{54734507-3C24-4875-8D36-BCE27AFF20AD}.Release|Win32.Build.0 = Release|Win32
		{54734507-3C24-4875-8D36-BCE27AFF20AD}.Release|x64.ActiveCfg = Release|x64
		{54734507-3C24-4875-8D36-BCE27AFF20AD}.Release|x64.Build.0 = Release|x64
		{598037D3-6036-4508-B4E8-8920269B62A6}.Debug|Win32.ActiveCfg = Debug|Win32
		{598037D3-6036-4508-B4E8-8920269B62A6}.Debug|Win32.Build.0 = Debug|Win32
		{598037D3-6036-4508-B4E8-8920269B62A6}.Debug|x64.ActiveCfg = Debug|x64
		{598037D3-6036-4508-B4E8-8920269B62A6}.Debug|x64.Build.0 = Debug|x64
		{598037D3-6036-4508-B4E8-8920269B62A6}.Release|Win32.ActiveCfg = Release|Win32
		{598037D3-6036-4508-B4E8-8920269B62A6}.Release|Win32.Build.0 = Release|Win32
		{598037D3-6036-4508-B4E8-8920269B62A6}.Release|x64.ActiveCfg = Release|x64
		{598037D3-6036-4508-B4E8-8920269B62A6}.Release|x64.Build.0 = Release|x64
		{9A775859-4065-422F-A2D7-B6AABE44199E}.Debug|Win32.ActiveCfg = Debug|Win32
		{9A775859-4065-422F-A2D7-B6AABE44199E}.Debug|Win32.Build.0 = Debug|Win32
		{9A775859-4065-422F-A2D7-B6AABE44199E}.Debug|x64.ActiveCfg = Debug|x64
		{9A775859-4065-422F-A2D7-B6AABE44199E}.Debug|x64.Build.0 = Debug|x64
		{9A775859-4065-422F-A2D7-B6AABE44199E}.Release|Win32.ActiveCfg = Release|Win32
		{9A775859-4065-422F-A2D7-B6AABE44199E}.Release|Win32.Build.0 = Release|Win32
		{9A775859-4065-422F-A2D7-B6AABE44199E}.Release|x64.ActiveCfg = Release|x64
		{9A775859-4065-422F-A2D7-B6AABE44199E}.
	EndGlobalSection
	GlobalSection(SolutionProperties) = preSolution
		HideSolutionNode = FALSE
	EndGlobalSection
	GlobalSection(ExtensibilityGlobals) = postSolution
		SolutionGuid = {1A0AF150-39C6-4D59-A573-C414C7A0270B}
	EndGlobalSection
EndGlobal
