
Microsoft Visual Studio Solution File, Format Version 11.00
# Visual Studio 2010
Project("{8BC9CEB8-8B4A-11D0-8D11-00A0C91BC942}") = "KMIPGet", "KMIPGet.vcxproj", "{A56EE16B-8FD9-43A9-BD76-F84D9D4AC0EC}"
EndProject
Project("{8BC9CEB8-8B4A-11D0-8D11-00A0C91BC942}") = "KMIPGetAttributes", "KMIPGetAttributes.vcxproj", "{C67246CC-9D2B-4F59-AE07-D277C5A996F2}"
EndProject
Project("{8BC9CEB8-8B4A-11D0-8D11-00A0C91BC942}") = "KMIPLocate", "KMIPLocate.vcxproj", "{434C97EE-1575-428B-BA88-CBE7D0FD6543}"
EndProject
Project("{8BC9CEB8-8B4A-11D0-8D11-00A0C91BC942}") = "KMIPQuery", "KMIPQuery.vcxproj", "{193AA96C-5563-4502-8E9B-144C22F61839}"
EndProject
Project("{8BC9CEB8-8B4A-11D0-8D11-00A0C91BC942}") = "KMIPRegisterSecretData", "KMIPRegisterSecretData.vcxproj", "{43D120D0-222F-4AFD-BF9D-CE980EEE2382}"
EndProject
Project("{8BC9CEB8-8B4A-11D0-8D11-00A0C91BC942}") = "KMIPRegisterSymmetricKey", "KMIPRegisterSymmetricKey.vcxproj", "{206AA1AC-79B5-43F3-8AB2-A2B6E890B42C}"
EndProject
Project("{8BC9CEB8-8B4A-11D0-8D11-00A0C91BC942}") = "KMIPRegisterTemplate", "KMIPRegisterTemplate.vcxproj", "{E8F766B6-BB54-4D24-98AC-D9C60119C8C6}"
EndProject
Project("{8BC9CEB8-8B4A-11D0-8D11-00A0C91BC942}") = "KMIPRegisterCustomBigInt", "KMIPRegisterCustomBigInt.vcxproj", "{02AD1500-75A9-4870-9FE2-F115AA27C32B}"
EndProject
Project("{8BC9CEB8-8B4A-11D0-8D11-00A0C91BC942}") = "KMIPAddAttribute", "KMIPAddAttribute.vcxproj", "{CBEB5A4E-C136-4220-9E81-340A8BA8FD5E}"
EndProject
Project("{8BC9CEB8-8B4A-11D0-8D11-00A0C91BC942}") = "KMIPCreate", "KMIPCreate.vcxproj", "{E220F72A-AFE0-4C9F-9B4C-872B0A9DBE67}"
EndProject
Project("{8BC9CEB8-8B4A-11D0-8D11-00A0C91BC942}") = "KMIPModifyAttribute", "KMIPModifyAttribute.vcxproj", "{2E9D6A80-902C-4A17-A5F0-21448653F6CD}"
EndProject
Project("{8BC9CEB8-8B4A-11D0-8D11-00A0C91BC942}") = "KMIPDeleteAttributes", "KMIPDeleteAttribute.vcxproj", "{48AF48A1-7033-4E8F-8347-D2152769F42C}"
EndProject
Project("{8BC9CEB8-8B4A-11D0-8D11-00A0C91BC942}") = "KMIPGetAttributesList", "KMIPGetAttributesList.vcxproj", "{6D078ED8-AD61-4134-B03B-B329A1028E02}"
EndProject
Project("{8BC9CEB8-8B4A-11D0-8D11-00A0C91BC942}") = "KMIPRegisterPublicKey", "KMIPRegisterPublicKey.vcxproj", "{57F028F9-111F-41E7-B4F8-3EBAE6881517}"
EndProject
Project("{8BC9CEB8-8B4A-11D0-8D11-00A0C91BC942}") = "KMIPRegisterPrivateKey", "KMIPRegisterPrivateKey.vcxproj", "{55291B40-F9C0-4C96-9D6B-BA9C6FF72119}"
EndProject
Project("{8BC9CEB8-8B4A-11D0-8D11-00A0C91BC942}") = "KMIPCryptoSinglePart", "KMIPCryptoSinglePart.vcxproj", "{19356D9B-A3FA-4BA1-B133-427405BCC330}"
EndProject
Project("{8BC9CEB8-8B4A-11D0-8D11-00A0C91BC942}") = "KMIPGetCustomAttribute", "KMIPGetCustomAttribute.vcxproj", "{1F05F09B-445D-4CFC-8251-3343ED42740D}"
EndProject
Project("{8BC9CEB8-8B4A-11D0-8D11-00A0C91BC942}") = "KMIPRegisterAsymmetricKey", "KMIPRegisterAsymmetricKey.vcxproj", "{81A519AD-929E-4001-8EA9-BA6E934919A3}"
EndProject
Project("{8BC9CEB8-8B4A-11D0-8D11-00A0C91BC942}") = "KMIPRegisterCertificate", "KMIPRegisterCertificate.vcxproj", "{1CF6AF4C-A206-4FFF-9516-C43ECEBCF443}"
EndProject
Project("{8BC9CEB8-8B4A-11D0-8D11-00A0C91BC942}") = "KMIPBatching", "KMIPBatching.vcxproj", "{B9A68761-F43F-4561-A52C-BB2D3FAA1268}"
EndProject
Project("{8BC9CEB8-8B4A-11D0-8D11-00A0C91BC942}") = "KMIPDestroy", "KMIPDestroy.vcxproj", "{738C57F3-2D87-421C-9B73-5B3CAB0E33DA}"
EndProject
Project("{8BC9CEB8-8B4A-11D0-8D11-00A0C91BC942}") = "KMIPRevoke", "KMIPRevoke.vcxproj", "{3A5C6667-CAFE-4B9B-A8A4-C42893DEB2E4}"
EndProject
Project("{8BC9CEB8-8B4A-11D0-8D11-00A0C91BC942}") = "KMIPSetDate", "KMIPSetDate.vcxproj", "{FDFD9C6F-B47B-463F-A3ED-21CA80614065}"
EndProject
Project("{8BC9CEB8-8B4A-11D0-8D11-00A0C91BC942}") = "KMIPCreateKeyPair", "KMIPCreateKeyPair.vcxproj", "{C35513BC-7303-4443-95E6-3E232766FA01}"
EndProject
Project("{8BC9CEB8-8B4A-11D0-8D11-00A0C91BC942}") = "KMIPGetWrappedKey", "KMIPGetWrappedKey.vcxproj", "{32008A9F-75E5-488F-A1BE-B942E23B410D}"
EndProject
Project("{8BC9CEB8-8B4A-11D0-8D11-00A0C91BC942}") = "KMIPDiscoverVersion", "KMIPDiscoverVersion.vcxproj", "{9536FA91-E1B5-4858-B965-2FEB0D0D5192}"
EndProject
Project("{8BC9CEB8-8B4A-11D0-8D11-00A0C91BC942}") = "KMIPReKey", "KMIPReKey.vcxproj", "{8D8A606C-5E83-4F07-A24C-0F460AED62E2}"
EndProject
Project("{8BC9CEB8-8B4A-11D0-8D11-00A0C91BC942}") = "KMIPReKeyPair", "KMIPReKeyPair.vcxproj", "{8F81E835-A583-48A6-A3CC-22BD8151D756}"
EndProject
Project("{8BC9CEB8-8B4A-11D0-8D11-00A0C91BC942}") = "KMIPCrypto", "KMIPCrypto.vcxproj", "{B8D361BF-2790-4D75-B556-3228167DFF8D}"
EndProject
Project("{8BC9CEB8-8B4A-11D0-8D11-00A0C91BC942}") = "KMIPCrypto_AES_GCM", "KMIPCrypto_AES_GCM.vcxproj", "{62047887-E933-4EE3-BA8C-87FE14D25D95}"
EndProject
Project("{8BC9CEB8-8B4A-11D0-8D11-00A0C91BC942}") = "KMIPCrypto_RSA", "KMIPCrypto_RSA.vcxproj", "{6CD64C20-E908-4A2E-9CBF-9DFFF5D7087D}"
EndProject
Global
	GlobalSection(SolutionConfigurationPlatforms) = preSolution
		Debug|Win32 = Debug|Win32
		Debug|x64 = Debug|x64
		Release|Win32 = Release|Win32
		Release|x64 = Release|x64
	EndGlobalSection
	GlobalSection(ProjectConfigurationPlatforms) = postSolution
		{A56EE16B-8FD9-43A9-BD76-F84D9D4AC0EC}.Debug|Win32.ActiveCfg = Debug|Win32
		{A56EE16B-8FD9-43A9-BD76-F84D9D4AC0EC}.Debug|Win32.Build.0 = Debug|Win32
		{A56EE16B-8FD9-43A9-BD76-F84D9D4AC0EC}.Debug|x64.ActiveCfg = Debug|x64
		{A56EE16B-8FD9-43A9-BD76-F84D9D4AC0EC}.Debug|x64.Build.0 = Debug|x64
		{A56EE16B-8FD9-43A9-BD76-F84D9D4AC0EC}.Release|Win32.ActiveCfg = Release|Win32
		{A56EE16B-8FD9-43A9-BD76-F84D9D4AC0EC}.Release|Win32.Build.0 = Release|Win32
		{A56EE16B-8FD9-43A9-BD76-F84D9D4AC0EC}.Release|x64.ActiveCfg = Release|x64
		{A56EE16B-8FD9-43A9-BD76-F84D9D4AC0EC}.Release|x64.Build.0 = Release|x64
		{C67246CC-9D2B-4F59-AE07-D277C5A996F2}.Debug|Win32.ActiveCfg = Debug|Win32
		{C67246CC-9D2B-4F59-AE07-D277C5A996F2}.Debug|Win32.Build.0 = Debug|Win32
		{C67246CC-9D2B-4F59-AE07-D277C5A996F2}.Debug|x64.ActiveCfg = Debug|x64
		{C67246CC-9D2B-4F59-AE07-D277C5A996F2}.Debug|x64.Build.0 = Debug|x64
		{C67246CC-9D2B-4F59-AE07-D277C5A996F2}.Release|Win32.ActiveCfg = Release|Win32
		{C67246CC-9D2B-4F59-AE07-D277C5A996F2}.Release|Win32.Build.0 = Release|Win32
		{C67246CC-9D2B-4F59-AE07-D277C5A996F2}.Release|x64.ActiveCfg = Release|x64
		{C67246CC-9D2B-4F59-AE07-D277C5A996F2}.Release|x64.Build.0 = Release|x64
		{434C97EE-1575-428B-BA88-CBE7D0FD6543}.Debug|Win32.ActiveCfg = Debug|Win32
		{434C97EE-1575-428B-BA88-CBE7D0FD6543}.Debug|Win32.Build.0 = Debug|Win32
		{434C97EE-1575-428B-BA88-CBE7D0FD6543}.Debug|x64.ActiveCfg = Debug|x64
		{434C97EE-1575-428B-BA88-CBE7D0FD6543}.Debug|x64.Build.0 = Debug|x64
		{434C97EE-1575-428B-BA88-CBE7D0FD6543}.Release|Win32.ActiveCfg = Release|Win32
		{434C97EE-1575-428B-BA88-CBE7D0FD6543}.Release|Win32.Build.0 = Release|Win32
		{434C97EE-1575-428B-BA88-CBE7D0FD6543}.Release|x64.ActiveCfg = Release|x64
		{434C97EE-1575-428B-BA88-CBE7D0FD6543}.Release|x64.Build.0 = Release|x64
		{193AA96C-5563-4502-8E9B-144C22F61839}.Debug|Win32.ActiveCfg = Debug|Win32
		{193AA96C-5563-4502-8E9B-144C22F61839}.Debug|Win32.Build.0 = Debug|Win32
		{193AA96C-5563-4502-8E9B-144C22F61839}.Debug|x64.ActiveCfg = Debug|x64
		{193AA96C-5563-4502-8E9B-144C22F61839}.Debug|x64.Build.0 = Debug|x64
		{193AA96C-5563-4502-8E9B-144C22F61839}.Release|Win32.ActiveCfg = Release|Win32
		{193AA96C-5563-4502-8E9B-144C22F61839}.Release|Win32.Build.0 = Release|Win32
		{193AA96C-5563-4502-8E9B-144C22F61839}.Release|x64.ActiveCfg = Release|x64
		{193AA96C-5563-4502-8E9B-144C22F61839}.Release|x64.Build.0 = Release|x64
		{43D120D0-222F-4AFD-BF9D-CE980EEE2382}.Debug|Win32.ActiveCfg = Debug|Win32
		{43D120D0-222F-4AFD-BF9D-CE980EEE2382}.Debug|Win32.Build.0 = Debug|Win32
		{43D120D0-222F-4AFD-BF9D-CE980EEE2382}.Debug|x64.ActiveCfg = Debug|x64
		{43D120D0-222F-4AFD-BF9D-CE980EEE2382}.Debug|x64.Build.0 = Debug|x64
		{43D120D0-222F-4AFD-BF9D-CE980EEE2382}.Release|Win32.ActiveCfg = Release|Win32
		{43D120D0-222F-4AFD-BF9D-CE980EEE2382}.Release|Win32.Build.0 = Release|Win32
		{43D120D0-222F-4AFD-BF9D-CE980EEE2382}.Release|x64.ActiveCfg = Release|x64
		{43D120D0-222F-4AFD-BF9D-CE980EEE2382}.Release|x64.Build.0 = Release|x64
		{206AA1AC-79B5-43F3-8AB2-A2B6E890B42C}.Debug|Win32.ActiveCfg = Debug|Win32
		{206AA1AC-79B5-43F3-8AB2-A2B6E890B42C}.Debug|Win32.Build.0 = Debug|Win32
		{206AA1AC-79B5-43F3-8AB2-A2B6E890B42C}.Debug|x64.ActiveCfg = Debug|x64
		{206AA1AC-79B5-43F3-8AB2-A2B6E890B42C}.Debug|x64.Build.0 = Debug|x64
		{206AA1AC-79B5-43F3-8AB2-A2B6E890B42C}.Release|Win32.ActiveCfg = Release|Win32
		{206AA1AC-79B5-43F3-8AB2-A2B6E890B42C}.Release|Win32.Build.0 = Release|Win32
		{206AA1AC-79B5-43F3-8AB2-A2B6E890B42C}.Release|x64.ActiveCfg = Release|x64
		{206AA1AC-79B5-43F3-8AB2-A2B6E890B42C}.Release|x64.Build.0 = Release|x64
		{E8F766B6-BB54-4D24-98AC-D9C60119C8C6}.Debug|Win32.ActiveCfg = Debug|Win32
		{E8F766B6-BB54-4D24-98AC-D9C60119C8C6}.Debug|Win32.Build.0 = Debug|Win32
		{E8F766B6-BB54-4D24-98AC-D9C60119C8C6}.Debug|x64.ActiveCfg = Debug|x64
		{E8F766B6-BB54-4D24-98AC-D9C60119C8C6}.Debug|x64.Build.0 = Debug|x64
		{E8F766B6-BB54-4D24-98AC-D9C60119C8C6}.Release|Win32.ActiveCfg = Release|Win32
		{E8F766B6-BB54-4D24-98AC-D9C60119C8C6}.Release|Win32.Build.0 = Release|Win32
		{E8F766B6-BB54-4D24-98AC-D9C60119C8C6}.Release|x64.ActiveCfg = Release|x64
		{E8F766B6-BB54-4D24-98AC-D9C60119C8C6}.Release|x64.Build.0 = Release|x64
		{02AD1500-75A9-4870-9FE2-F115AA27C32B}.Debug|Win32.ActiveCfg = Debug|Win32
		{02AD1500-75A9-4870-9FE2-F115AA27C32B}.Debug|Win32.Build.0 = Debug|Win32
		{02AD1500-75A9-4870-9FE2-F115AA27C32B}.Debug|x64.ActiveCfg = Debug|x64
		{02AD1500-75A9-4870-9FE2-F115AA27C32B}.Debug|x64.Build.0 = Debug|x64
		{02AD1500-75A9-4870-9FE2-F115AA27C32B}.Release|Win32.ActiveCfg = Release|Win32
		{02AD1500-75A9-4870-9FE2-F115AA27C32B}.Release|Win32.Build.0 = Release|Win32
		{02AD1500-75A9-4870-9FE2-F115AA27C32B}.Release|x64.ActiveCfg = Release|x64
		{02AD1500-75A9-4870-9FE2-F115AA27C32B}.Release|x64.Build.0 = Release|x64
		{CBEB5A4E-C136-4220-9E81-340A8BA8FD5E}.Debug|Win32.ActiveCfg = Debug|Win32
		{CBEB5A4E-C136-4220-9E81-340A8BA8FD5E}.Debug|Win32.Build.0 = Debug|Win32
		{CBEB5A4E-C136-4220-9E81-340A8BA8FD5E}.Debug|x64.ActiveCfg = Debug|x64
		{CBEB5A4E-C136-4220-9E81-340A8BA8FD5E}.Debug|x64.Build.0 = Debug|x64
		{CBEB5A4E-C136-4220-9E81-340A8BA8FD5E}.Release|Win32.ActiveCfg = Release|Win32
		{CBEB5A4E-C136-4220-9E81-340A8BA8FD5E}.Release|Win32.Build.0 = Release|Win32
		{CBEB5A4E-C136-4220-9E81-340A8BA8FD5E}.Release|x64.ActiveCfg = Release|x64
		{CBEB5A4E-C136-4220-9E81-340A8BA8FD5E}.Release|x64.Build.0 = Release|x64
		{E220F72A-AFE0-4C9F-9B4C-872B0A9DBE67}.Debug|Win32.ActiveCfg = Debug|Win32
		{E220F72A-AFE0-4C9F-9B4C-872B0A9DBE67}.Debug|Win32.Build.0 = Debug|Win32
		{E220F72A-AFE0-4C9F-9B4C-872B0A9DBE67}.Debug|x64.ActiveCfg = Debug|x64
		{E220F72A-AFE0-4C9F-9B4C-872B0A9DBE67}.Debug|x64.Build.0 = Debug|x64
		{E220F72A-AFE0-4C9F-9B4C-872B0A9DBE67}.Release|Win32.ActiveCfg = Release|Win32
		{E220F72A-AFE0-4C9F-9B4C-872B0A9DBE67}.Release|Win32.Build.0 = Release|Win32
		{E220F72A-AFE0-4C9F-9B4C-872B0A9DBE67}.Release|x64.ActiveCfg = Release|x64
		{E220F72A-AFE0-4C9F-9B4C-872B0A9DBE67}.Release|x64.Build.0 = Release|x64
		{2E9D6A80-902C-4A17-A5F0-21448653F6CD}.Debug|Win32.ActiveCfg = Debug|Win32
		{2E9D6A80-902C-4A17-A5F0-21448653F6CD}.Debug|Win32.Build.0 = Debug|Win32
		{2E9D6A80-902C-4A17-A5F0-21448653F6CD}.Debug|x64.ActiveCfg = Debug|x64
		{2E9D6A80-902C-4A17-A5F0-21448653F6CD}.Debug|x64.Build.0 = Debug|x64
		{2E9D6A80-902C-4A17-A5F0-21448653F6CD}.Release|Win32.ActiveCfg = Release|Win32
		{2E9D6A80-902C-4A17-A5F0-21448653F6CD}.Release|Win32.Build.0 = Release|Win32
		{2E9D6A80-902C-4A17-A5F0-21448653F6CD}.Release|x64.ActiveCfg = Release|x64
		{2E9D6A80-902C-4A17-A5F0-21448653F6CD}.Release|x64.Build.0 = Release|x64
		{48AF48A1-7033-4E8F-8347-D2152769F42C}.Debug|Win32.ActiveCfg = Debug|Win32
		{48AF48A1-7033-4E8F-8347-D2152769F42C}.Debug|Win32.Build.0 = Debug|Win32
		{48AF48A1-7033-4E8F-8347-D2152769F42C}.Debug|x64.ActiveCfg = Debug|x64
		{48AF48A1-7033-4E8F-8347-D2152769F42C}.Debug|x64.Build.0 = Debug|x64
		{48AF48A1-7033-4E8F-8347-D2152769F42C}.Release|Win32.ActiveCfg = Release|Win32
		{48AF48A1-7033-4E8F-8347-D2152769F42C}.Release|Win32.Build.0 = Release|Win32
		{48AF48A1-7033-4E8F-8347-D2152769F42C}.Release|x64.ActiveCfg = Release|x64
		{48AF48A1-7033-4E8F-8347-D2152769F42C}.Release|x64.Build.0 = Release|x64
		{6D078ED8-AD61-4134-B03B-B329A1028E02}.Debug|Win32.ActiveCfg = Debug|Win32
		{6D078ED8-AD61-4134-B03B-B329A1028E02}.Debug|Win32.Build.0 = Debug|Win32
		{6D078ED8-AD61-4134-B03B-B329A1028E02}.Debug|x64.ActiveCfg = Debug|x64
		{6D078ED8-AD61-4134-B03B-B329A1028E02}.Debug|x64.Build.0 = Debug|x64
		{6D078ED8-AD61-4134-B03B-B329A1028E02}.Release|Win32.ActiveCfg = Release|Win32
		{6D078ED8-AD61-4134-B03B-B329A1028E02}.Release|Win32.Build.0 = Release|Win32
		{6D078ED8-AD61-4134-B03B-B329A1028E02}.Release|x64.ActiveCfg = Release|x64
		{6D078ED8-AD61-4134-B03B-B329A1028E02}.Release|x64.Build.0 = Release|x64
		{57F028F9-111F-41E7-B4F8-3EBAE6881517}.Debug|Win32.ActiveCfg = Debug|Win32
		{57F028F9-111F-41E7-B4F8-3EBAE6881517}.Debug|Win32.Build.0 = Debug|Win32
		{57F028F9-111F-41E7-B4F8-3EBAE6881517}.Debug|x64.ActiveCfg = Debug|x64
		{57F028F9-111F-41E7-B4F8-3EBAE6881517}.Debug|x64.Build.0 = Debug|x64
		{57F028F9-111F-41E7-B4F8-3EBAE6881517}.Release|Win32.ActiveCfg = Release|Win32
		{57F028F9-111F-41E7-B4F8-3EBAE6881517}.Release|Win32.Build.0 = Release|Win32
		{57F028F9-111F-41E7-B4F8-3EBAE6881517}.Release|x64.ActiveCfg = Release|x64
		{57F028F9-111F-41E7-B4F8-3EBAE6881517}.Release|x64.Build.0 = Release|x64
		{55291B40-F9C0-4C96-9D6B-BA9C6FF72119}.Debug|Win32.ActiveCfg = Debug|Win32
		{55291B40-F9C0-4C96-9D6B-BA9C6FF72119}.Debug|Win32.Build.0 = Debug|Win32
		{55291B40-F9C0-4C96-9D6B-BA9C6FF72119}.Debug|x64.ActiveCfg = Debug|x64
		{55291B40-F9C0-4C96-9D6B-BA9C6FF72119}.Debug|x64.Build.0 = Debug|x64
		{55291B40-F9C0-4C96-9D6B-BA9C6FF72119}.Release|Win32.ActiveCfg = Release|Win32
		{55291B40-F9C0-4C96-9D6B-BA9C6FF72119}.Release|Win32.Build.0 = Release|Win32
		{55291B40-F9C0-4C96-9D6B-BA9C6FF72119}.Release|x64.ActiveCfg = Release|x64
		{55291B40-F9C0-4C96-9D6B-BA9C6FF72119}.Release|x64.Build.0 = Release|x64
		{19356D9B-A3FA-4BA1-B133-427405BCC330}.Debug|Win32.ActiveCfg = Debug|Win32
		{19356D9B-A3FA-4BA1-B133-427405BCC330}.Debug|Win32.Build.0 = Debug|Win32
		{19356D9B-A3FA-4BA1-B133-427405BCC330}.Debug|x64.ActiveCfg = Debug|x64
		{19356D9B-A3FA-4BA1-B133-427405BCC330}.Debug|x64.Build.0 = Debug|x64
		{19356D9B-A3FA-4BA1-B133-427405BCC330}.Release|Win32.ActiveCfg = Release|Win32
		{19356D9B-A3FA-4BA1-B133-427405BCC330}.Release|Win32.Build.0 = Release|Win32
		{19356D9B-A3FA-4BA1-B133-427405BCC330}.Release|x64.ActiveCfg = Release|x64
		{19356D9B-A3FA-4BA1-B133-427405BCC330}.Release|x64.Build.0 = Release|x64
		{1F05F09B-445D-4CFC-8251-3343ED42740D}.Debug|Win32.ActiveCfg = Debug|Win32
		{1F05F09B-445D-4CFC-8251-3343ED42740D}.Debug|Win32.Build.0 = Debug|Win32
		{1F05F09B-445D-4CFC-8251-3343ED42740D}.Debug|x64.ActiveCfg = Debug|x64
		{1F05F09B-445D-4CFC-8251-3343ED42740D}.Debug|x64.Build.0 = Debug|x64
		{1F05F09B-445D-4CFC-8251-3343ED42740D}.Release|Win32.ActiveCfg = Release|Win32
		{1F05F09B-445D-4CFC-8251-3343ED42740D}.Release|Win32.Build.0 = Release|Win32
		{1F05F09B-445D-4CFC-8251-3343ED42740D}.Release|x64.ActiveCfg = Release|x64
		{1F05F09B-445D-4CFC-8251-3343ED42740D}.Release|x64.Build.0 = Release|x64
		{81A519AD-929E-4001-8EA9-BA6E934919A3}.Debug|Win32.ActiveCfg = Debug|Win32
		{81A519AD-929E-4001-8EA9-BA6E934919A3}.Debug|Win32.Build.0 = Debug|Win32
		{81A519AD-929E-4001-8EA9-BA6E934919A3}.Debug|x64.ActiveCfg = Debug|x64
		{81A519AD-929E-4001-8EA9-BA6E934919A3}.Debug|x64.Build.0 = Debug|x64
		{81A519AD-929E-4001-8EA9-BA6E934919A3}.Release|Win32.ActiveCfg = Release|Win32
		{81A519AD-929E-4001-8EA9-BA6E934919A3}.Release|Win32.Build.0 = Release|Win32
		{81A519AD-929E-4001-8EA9-BA6E934919A3}.Release|x64.ActiveCfg = Release|x64
		{81A519AD-929E-4001-8EA9-BA6E934919A3}.Release|x64.Build.0 = Release|x64
		{1CF6AF4C-A206-4FFF-9516-C43ECEBCF443}.Debug|Win32.ActiveCfg = Debug|Win32
		{1CF6AF4C-A206-4FFF-9516-C43ECEBCF443}.Debug|Win32.Build.0 = Debug|Win32
		{1CF6AF4C-A206-4FFF-9516-C43ECEBCF443}.Debug|x64.ActiveCfg = Debug|x64
		{1CF6AF4C-A206-4FFF-9516-C43ECEBCF443}.Debug|x64.Build.0 = Debug|x64
		{1CF6AF4C-A206-4FFF-9516-C43ECEBCF443}.Release|Win32.ActiveCfg = Release|Win32
		{1CF6AF4C-A206-4FFF-9516-C43ECEBCF443}.Release|Win32.Build.0 = Release|Win32
		{1CF6AF4C-A206-4FFF-9516-C43ECEBCF443}.Release|x64.ActiveCfg = Release|x64
		{1CF6AF4C-A206-4FFF-9516-C43ECEBCF443}.Release|x64.Build.0 = Release|x64
		{B9A68761-F43F-4561-A52C-BB2D3FAA1268}.Debug|Win32.ActiveCfg = Debug|Win32
		{B9A68761-F43F-4561-A52C-BB2D3FAA1268}.Debug|Win32.Build.0 = Debug|Win32
		{B9A68761-F43F-4561-A52C-BB2D3FAA1268}.Debug|x64.ActiveCfg = Debug|x64
		{B9A68761-F43F-4561-A52C-BB2D3FAA1268}.Debug|x64.Build.0 = Debug|x64
		{B9A68761-F43F-4561-A52C-BB2D3FAA1268}.Release|Win32.ActiveCfg = Release|Win32
		{B9A68761-F43F-4561-A52C-BB2D3FAA1268}.Release|Win32.Build.0 = Release|Win32
		{B9A68761-F43F-4561-A52C-BB2D3FAA1268}.Release|x64.ActiveCfg = Release|x64
		{B9A68761-F43F-4561-A52C-BB2D3FAA1268}.Release|x64.Build.0 = Release|x64
		{738C57F3-2D87-421C-9B73-5B3CAB0E33DA}.Debug|Win32.ActiveCfg = Debug|Win32
		{738C57F3-2D87-421C-9B73-5B3CAB0E33DA}.Debug|Win32.Build.0 = Debug|Win32
		{738C57F3-2D87-421C-9B73-5B3CAB0E33DA}.Debug|x64.ActiveCfg = Debug|x64
		{738C57F3-2D87-421C-9B73-5B3CAB0E33DA}.Debug|x64.Build.0 = Debug|x64
		{738C57F3-2D87-421C-9B73-5B3CAB0E33DA}.Release|Win32.ActiveCfg = Release|Win32
		{738C57F3-2D87-421C-9B73-5B3CAB0E33DA}.Release|Win32.Build.0 = Release|Win32
		{738C57F3-2D87-421C-9B73-5B3CAB0E33DA}.Release|x64.ActiveCfg = Release|x64
		{738C57F3-2D87-421C-9B73-5B3CAB0E33DA}.Release|x64.Build.0 = Release|x64
		{3A5C6667-CAFE-4B9B-A8A4-C42893DEB2E4}.Debug|Win32.ActiveCfg = Debug|Win32
		{3A5C6667-CAFE-4B9B-A8A4-C42893DEB2E4}.Debug|Win32.Build.0 = Debug|Win32
		{3A5C6667-CAFE-4B9B-A8A4-C42893DEB2E4}.Debug|x64.ActiveCfg = Debug|x64
		{3A5C6667-CAFE-4B9B-A8A4-C42893DEB2E4}.Debug|x64.Build.0 = Debug|x64
		{3A5C6667-CAFE-4B9B-A8A4-C42893DEB2E4}.Release|Win32.ActiveCfg = Release|Win32
		{3A5C6667-CAFE-4B9B-A8A4-C42893DEB2E4}.Release|Win32.Build.0 = Release|Win32
		{3A5C6667-CAFE-4B9B-A8A4-C42893DEB2E4}.Release|x64.ActiveCfg = Release|x64
		{3A5C6667-CAFE-4B9B-A8A4-C42893DEB2E4}.Release|x64.Build.0 = Release|x64
		{FDFD9C6F-B47B-463F-A3ED-21CA80614065}.Debug|Win32.ActiveCfg = Debug|Win32
		{FDFD9C6F-B47B-463F-A3ED-21CA80614065}.Debug|Win32.Build.0 = Debug|Win32
		{FDFD9C6F-B47B-463F-A3ED-21CA80614065}.Debug|x64.ActiveCfg = Debug|x64
		{FDFD9C6F-B47B-463F-A3ED-21CA80614065}.Debug|x64.Build.0 = Debug|x64
		{FDFD9C6F-B47B-463F-A3ED-21CA80614065}.Release|Win32.ActiveCfg = Release|Win32
		{FDFD9C6F-B47B-463F-A3ED-21CA80614065}.Release|Win32.Build.0 = Release|Win32
		{FDFD9C6F-B47B-463F-A3ED-21CA80614065}.Release|x64.ActiveCfg = Release|x64
		{FDFD9C6F-B47B-463F-A3ED-21CA80614065}.Release|x64.Build.0 = Release|x64
		{C35513BC-7303-4443-95E6-3E232766FA01}.Debug|Win32.ActiveCfg = Debug|Win32
		{C35513BC-7303-4443-95E6-3E232766FA01}.Debug|Win32.Build.0 = Debug|Win32
		{C35513BC-7303-4443-95E6-3E232766FA01}.Debug|x64.ActiveCfg = Debug|x64
		{C35513BC-7303-4443-95E6-3E232766FA01}.Debug|x64.Build.0 = Debug|x64
		{C35513BC-7303-4443-95E6-3E232766FA01}.Release|Win32.ActiveCfg = Release|Win32
		{C35513BC-7303-4443-95E6-3E232766FA01}.Release|Win32.Build.0 = Release|Win32
		{C35513BC-7303-4443-95E6-3E232766FA01}.Release|x64.ActiveCfg = Release|x64
		{C35513BC-7303-4443-95E6-3E232766FA01}.Release|x64.Build.0 = Release|x64
		{32008A9F-75E5-488F-A1BE-B942E23B410D}.Debug|Win32.ActiveCfg = Debug|Win32
		{32008A9F-75E5-488F-A1BE-B942E23B410D}.Debug|Win32.Build.0 = Debug|Win32
		{32008A9F-75E5-488F-A1BE-B942E23B410D}.Debug|x64.ActiveCfg = Debug|x64
		{32008A9F-75E5-488F-A1BE-B942E23B410D}.Debug|x64.Build.0 = Debug|x64
		{32008A9F-75E5-488F-A1BE-B942E23B410D}.Release|Win32.ActiveCfg = Release|Win32
		{32008A9F-75E5-488F-A1BE-B942E23B410D}.Release|Win32.Build.0 = Release|Win32
		{32008A9F-75E5-488F-A1BE-B942E23B410D}.Release|x64.ActiveCfg = Release|x64
		{32008A9F-75E5-488F-A1BE-B942E23B410D}.Release|x64.Build.0 = Release|x64
		{9536FA91-E1B5-4858-B965-2FEB0D0D5192}.Debug|Win32.ActiveCfg = Debug|Win32
		{9536FA91-E1B5-4858-B965-2FEB0D0D5192}.Debug|Win32.Build.0 = Debug|Win32
		{9536FA91-E1B5-4858-B965-2FEB0D0D5192}.Debug|x64.ActiveCfg = Debug|x64
		{9536FA91-E1B5-4858-B965-2FEB0D0D5192}.Debug|x64.Build.0 = Debug|x64
		{9536FA91-E1B5-4858-B965-2FEB0D0D5192}.Release|Win32.ActiveCfg = Release|Win32
		{9536FA91-E1B5-4858-B965-2FEB0D0D5192}.Release|Win32.Build.0 = Release|Win32
		{9536FA91-E1B5-4858-B965-2FEB0D0D5192}.Release|x64.ActiveCfg = Release|x64
		{9536FA91-E1B5-4858-B965-2FEB0D0D5192}.Release|x64.Build.0 = Release|x64
		{8D8A606C-5E83-4F07-A24C-0F460AED62E2}.Debug|Win32.ActiveCfg = Debug|Win32
		{8D8A606C-5E83-4F07-A24C-0F460AED62E2}.Debug|Win32.Build.0 = Debug|Win32
		{8D8A606C-5E83-4F07-A24C-0F460AED62E2}.Debug|x64.ActiveCfg = Debug|x64
		{8D8A606C-5E83-4F07-A24C-0F460AED62E2}.Debug|x64.Build.0 = Debug|x64
		{8D8A606C-5E83-4F07-A24C-0F460AED62E2}.Release|Win32.ActiveCfg = Release|Win32
		{8D8A606C-5E83-4F07-A24C-0F460AED62E2}.Release|Win32.Build.0 = Release|Win32
		{8D8A606C-5E83-4F07-A24C-0F460AED62E2}.Release|x64.ActiveCfg = Release|x64
		{8D8A606C-5E83-4F07-A24C-0F460AED62E2}.Release|x64.Build.0 = Release|x64
		{8F81E835-A583-48A6-A3CC-22BD8151D756}.Debug|Win32.ActiveCfg = Debug|Win32
		{8F81E835-A583-48A6-A3CC-22BD8151D756}.Debug|Win32.Build.0 = Debug|Win32
		{8F81E835-A583-48A6-A3CC-22BD8151D756}.Debug|x64.ActiveCfg = Debug|x64
		{8F81E835-A583-48A6-A3CC-22BD8151D756}.Debug|x64.Build.0 = Debug|x64
		{8F81E835-A583-48A6-A3CC-22BD8151D756}.Release|Win32.ActiveCfg = Release|Win32
		{8F81E835-A583-48A6-A3CC-22BD8151D756}.Release|Win32.Build.0 = Release|Win32
		{8F81E835-A583-48A6-A3CC-22BD8151D756}.Release|x64.ActiveCfg = Release|x64
		{8F81E835-A583-48A6-A3CC-22BD8151D756}.Release|x64.Build.0 = Release|x64
		{B8D361BF-2790-4D75-B556-3228167DFF8D}.Debug|Win32.ActiveCfg = Debug|Win32
		{B8D361BF-2790-4D75-B556-3228167DFF8D}.Debug|Win32.Build.0 = Debug|Win32
		{B8D361BF-2790-4D75-B556-3228167DFF8D}.Debug|x64.ActiveCfg = Debug|x64
		{B8D361BF-2790-4D75-B556-3228167DFF8D}.Debug|x64.Build.0 = Debug|x64
		{B8D361BF-2790-4D75-B556-3228167DFF8D}.Release|Win32.ActiveCfg = Release|Win32
		{B8D361BF-2790-4D75-B556-3228167DFF8D}.Release|Win32.Build.0 = Release|Win32
		{B8D361BF-2790-4D75-B556-3228167DFF8D}.Release|x64.ActiveCfg = Release|x64
		{B8D361BF-2790-4D75-B556-3228167DFF8D}.Release|x64.Build.0 = Release|x64
		{62047887-E933-4EE3-BA8C-87FE14D25D95}.Debug|Win32.ActiveCfg = Debug|Win32
		{62047887-E933-4EE3-BA8C-87FE14D25D95}.Debug|Win32.Build.0 = Debug|Win32
		{62047887-E933-4EE3-BA8C-87FE14D25D95}.Debug|x64.ActiveCfg = Debug|x64
		{62047887-E933-4EE3-BA8C-87FE14D25D95}.Debug|x64.Build.0 = Debug|x64
		{62047887-E933-4EE3-BA8C-87FE14D25D95}.Release|Win32.ActiveCfg = Release|Win32
		{62047887-E933-4EE3-BA8C-87FE14D25D95}.Release|Win32.Build.0 = Release|Win32
		{62047887-E933-4EE3-BA8C-87FE14D25D95}.Release|x64.ActiveCfg = Release|x64
		{62047887-E933-4EE3-BA8C-87FE14D25D95}.Release|x64.Build.0 = Release|x64
		{6CD64C20-E908-4A2E-9CBF-9DFFF5D7087D}.Debug|Win32.ActiveCfg = Debug|Win32
		{6CD64C20-E908-4A2E-9CBF-9DFFF5D7087D}.Debug|Win32.Build.0 = Debug|Win32
		{6CD64C20-E908-4A2E-9CBF-9DFFF5D7087D}.Debug|x64.ActiveCfg = Debug|x64
		{6CD64C20-E908-4A2E-9CBF-9DFFF5D7087D}.Debug|x64.Build.0 = Debug|x64
		{6CD64C20-E908-4A2E-9CBF-9DFFF5D7087D}.Release|Win32.ActiveCfg = Release|Win32
		{6CD64C20-E908-4A2E-9CBF-9DFFF5D7087D}.Release|Win32.Build.0 = Release|Win32
		{6CD64C20-E908-4A2E-9CBF-9DFFF5D7087D}.Release|x64.ActiveCfg = Release|x64
		{6CD64C20-E908-4A2E-9CBF-9DFFF5D7087D}.Release|x64.Build.0 = Release|x64
	EndGlobalSection
	GlobalSection(SolutionProperties) = preSolution
		HideSolutionNode = FALSE
	EndGlobalSection
EndGlobal
